
Microsoft Visual Studio Solution File, Format Version 12.00
# Visual Studio Version 16
VisualStudioVersion = 16.0.31613.86
MinimumVisualStudioVersion = 10.0.40219.1
Project("{FAE04EC0-301F-11D3-BF4B-00C04F79EFBC}") = "quizApp", "quizApp\quizApp.csproj", "{267B78AE-1A3D-46F0-8FE3-2180FD2E97C5}"
EndProject
Global
	GlobalSection(SolutionConfigurationPlatforms) = preSolution
		Debug|Any CPU = Debug|Any CPU
		Release|Any CPU = Release|Any CPU
	EndGlobalSection
	GlobalSection(ProjectConfigurationPlatforms) = postSolution
		{267B78AE-1A3D-46F0-8FE3-2180FD2E97C5}.Debug|Any CPU.ActiveCfg = Debug|Any CPU
		{267B78AE-1A3D-46F0-8FE3-2180FD2E97C5}.Debug|Any CPU.Build.0 = Debug|Any CPU
		{267B78AE-1A3D-46F0-8FE3-2180FD2E97C5}.Release|Any CPU.ActiveCfg = Release|Any CPU
		{267B78AE-1A3D-46F0-8FE3-2180FD2E97C5}.Release|Any CPU.Build.0 = Release|Any CPU
	EndGlobalSection
	GlobalSection(SolutionProperties) = preSolution
		HideSolutionNode = FALSE
	EndGlobalSection
	GlobalSection(ExtensibilityGlobals) = postSolution
		SolutionGuid = {10AF5AB9-B0CF-48B4-930E-A8D538864D17}
	EndGlobalSection
EndGlobal
